// !$*UTF8*$!
{
	archiveVersion = 1;
	classes = {
	};
	objectVersion = 55;
	objects = {

/* Begin PBXBuildFile section */
		3F53D1F92A44D7DF00C83FB8 /* AppDelegate.swift in Sources */ = {isa = PBXBuildFile; fileRef = 3F53D1F82A44D7DF00C83FB8 /* AppDelegate.swift */; };
		3F53D1FB2A44D7DF00C83FB8 /* SceneDelegate.swift in Sources */ = {isa = PBXBuildFile; fileRef = 3F53D1FA2A44D7DF00C83FB8 /* SceneDelegate.swift */; };
		3F53D1FD2A44D7DF00C83FB8 /* ViewController.swift in Sources */ = {isa = PBXBuildFile; fileRef = 3F53D1FC2A44D7DF00C83FB8 /* ViewController.swift */; };
		3F53D2002A44D7DF00C83FB8 /* Main.storyboard in Resources */ = {isa = PBXBuildFile; fileRef = 3F53D1FE2A44D7DF00C83FB8 /* Main.storyboard */; };
		3F53D2022A44D7E100C83FB8 /* Assets.xcassets in Resources */ = {isa = PBXBuildFile; fileRef = 3F53D2012A44D7E100C83FB8 /* Assets.xcassets */; };
		3F53D2052A44D7E100C83FB8 /* LaunchScreen.storyboard in Resources */ = {isa = PBXBuildFile; fileRef = 3F53D2032A44D7E100C83FB8 /* LaunchScreen.storyboard */; };
		3F53D2102A44D7E100C83FB8 /* managePhoto_appTests.swift in Sources */ = {isa = PBXBuildFile; fileRef = 3F53D20F2A44D7E100C83FB8 /* managePhoto_appTests.swift */; };
		3F53D21A2A44D7E100C83FB8 /* managePhoto_appUITests.swift in Sources */ = {isa = PBXBuildFile; fileRef = 3F53D2192A44D7E100C83FB8 /* managePhoto_appUITests.swift */; };
		3F53D21C2A44D7E100C83FB8 /* managePhoto_appUITestsLaunchTests.swift in Sources */ = {isa = PBXBuildFile; fileRef = 3F53D21B2A44D7E100C83FB8 /* managePhoto_appUITestsLaunchTests.swift */; };
/* End PBXBuildFile section */

/* Begin PBXContainerItemProxy section */
		3F53D20C2A44D7E100C83FB8 /* PBXContainerItemProxy */ = {
			isa = PBXContainerItemProxy;
			containerPortal = 3F53D1ED2A44D7DF00C83FB8 /* Project object */;
			proxyType = 1;
			remoteGlobalIDString = 3F53D1F42A44D7DF00C83FB8;
			remoteInfo = "managePhoto-app";
		};
		3F53D2162A44D7E100C83FB8 /* PBXContainerItemProxy */ = {
			isa = PBXContainerItemProxy;
			containerPortal = 3F53D1ED2A44D7DF00C83FB8 /* Project object */;
			proxyType = 1;
			remoteGlobalIDString = 3F53D1F42A44D7DF00C83FB8;
			remoteInfo = "managePhoto-app";
		};
/* End PBXContainerItemProxy section */

/* Begin PBXFileReference section */
		3F53D1F52A44D7DF00C83FB8 /* managePhoto-app.app */ = {isa = PBXFileReference; explicitFileType = wrapper.application; includeInIndex = 0; path = "managePhoto-app.app"; sourceTree = BUILT_PRODUCTS_DIR; };
		3F53D1F82A44D7DF00C83FB8 /* AppDelegate.swift */ = {isa = PBXFileReference; lastKnownFileType = sourcecode.swift; path = AppDelegate.swift; sourceTree = "<group>"; };
		3F53D1FA2A44D7DF00C83FB8 /* SceneDelegate.swift */ = {isa = PBXFileReference; lastKnownFileType = sourcecode.swift; path = SceneDelegate.swift; sourceTree = "<group>"; };
		3F53D1FC2A44D7DF00C83FB8 /* ViewController.swift */ = {isa = PBXFileReference; lastKnownFileType = sourcecode.swift; path = ViewController.swift; sourceTree = "<group>"; };
		3F53D1FF2A44D7DF00C83FB8 /* Base */ = {isa = PBXFileReference; lastKnownFileType = file.storyboard; name = Base; path = Base.lproj/Main.storyboard; sourceTree = "<group>"; };
		3F53D2012A44D7E100C83FB8 /* Assets.xcassets */ = {isa = PBXFileReference; lastKnownFileType = folder.assetcatalog; path = Assets.xcassets; sourceTree = "<group>"; };
		3F53D2042A44D7E100C83FB8 /* Base */ = {isa = PBXFileReference; lastKnownFileType = file.storyboard; name = Base; path = Base.lproj/LaunchScreen.storyboard; sourceTree = "<group>"; };
		3F53D2062A44D7E100C83FB8 /* Info.plist */ = {isa = PBXFileReference; lastKnownFileType = text.plist.xml; path = Info.plist; sourceTree = "<group>"; };
		3F53D20B2A44D7E100C83FB8 /* managePhoto-appTests.xctest */ = {isa = PBXFileReference; explicitFileType = wrapper.cfbundle; includeInIndex = 0; path = "managePhoto-appTests.xctest"; sourceTree = BUILT_PRODUCTS_DIR; };
		3F53D20F2A44D7E100C83FB8 /* managePhoto_appTests.swift */ = {isa = PBXFileReference; lastKnownFileType = sourcecode.swift; path = managePhoto_appTests.swift; sourceTree = "<group>"; };
		3F53D2152A44D7E100C83FB8 /* managePhoto-appUITests.xctest */ = {isa = PBXFileReference; explicitFileType = wrapper.cfbundle; includeInIndex = 0; path = "managePhoto-appUITests.xctest"; sourceTree = BUILT_PRODUCTS_DIR; };
		3F53D2192A44D7E100C83FB8 /* managePhoto_appUITests.swift */ = {isa = PBXFileReference; lastKnownFileType = sourcecode.swift; path = managePhoto_appUITests.swift; sourceTree = "<group>"; };
		3F53D21B2A44D7E100C83FB8 /* managePhoto_appUITestsLaunchTests.swift */ = {isa = PBXFileReference; lastKnownFileType = sourcecode.swift; path = managePhoto_appUITestsLaunchTests.swift; sourceTree = "<group>"; };
/* End PBXFileReference section */

/* Begin PBXFrameworksBuildPhase section */
		3F53D1F22A44D7DF00C83FB8 /* Frameworks */ = {
			isa = PBXFrameworksBuildPhase;
			buildActionMask = 2147483647;
			files = (
			);
			runOnlyForDeploymentPostprocessing = 0;
		};
		3F53D2082A44D7E100C83FB8 /* Frameworks */ = {
			isa = PBXFrameworksBuildPhase;
			buildActionMask = 2147483647;
			files = (
			);
			runOnlyForDeploymentPostprocessing = 0;
		};
		3F53D2122A44D7E100C83FB8 /* Frameworks */ = {
			isa = PBXFrameworksBuildPhase;
			buildActionMask = 2147483647;
			files = (
			);
			runOnlyForDeploymentPostprocessing = 0;
		};
/* End PBXFrameworksBuildPhase section */

/* Begin PBXGroup section */
		3F53D1EC2A44D7DF00C83FB8 = {
			isa = PBXGroup;
			children = (
				3F53D1F72A44D7DF00C83FB8 /* managePhoto-app */,
				3F53D20E2A44D7E100C83FB8 /* managePhoto-appTests */,
				3F53D2182A44D7E100C83FB8 /* managePhoto-appUITests */,
				3F53D1F62A44D7DF00C83FB8 /* Products */,
			);
			sourceTree = "<group>";
		};
		3F53D1F62A44D7DF00C83FB8 /* Products */ = {
			isa = PBXGroup;
			children = (
				3F53D1F52A44D7DF00C83FB8 /* managePhoto-app.app */,
				3F53D20B2A44D7E100C83FB8 /* managePhoto-appTests.xctest */,
				3F53D2152A44D7E100C83FB8 /* managePhoto-appUITests.xctest */,
			);
			name = Products;
			sourceTree = "<group>";
		};
		3F53D1F72A44D7DF00C83FB8 /* managePhoto-app */ = {
			isa = PBXGroup;
			children = (
				3F53D1F82A44D7DF00C83FB8 /* AppDelegate.swift */,
				3F53D1FA2A44D7DF00C83FB8 /* SceneDelegate.swift */,
				3F53D1FC2A44D7DF00C83FB8 /* ViewController.swift */,
				3F53D1FE2A44D7DF00C83FB8 /* Main.storyboard */,
				3F53D2012A44D7E100C83FB8 /* Assets.xcassets */,
				3F53D2032A44D7E100C83FB8 /* LaunchScreen.storyboard */,
				3F53D2062A44D7E100C83FB8 /* Info.plist */,
			);
			path = "managePhoto-app";
			sourceTree = "<group>";
		};
		3F53D20E2A44D7E100C83FB8 /* managePhoto-appTests */ = {
			isa = PBXGroup;
			children = (
				3F53D20F2A44D7E100C83FB8 /* managePhoto_appTests.swift */,
			);
			path = "managePhoto-appTests";
			sourceTree = "<group>";
		};
		3F53D2182A44D7E100C83FB8 /* managePhoto-appUITests */ = {
			isa = PBXGroup;
			children = (
				3F53D2192A44D7E100C83FB8 /* managePhoto_appUITests.swift */,
				3F53D21B2A44D7E100C83FB8 /* managePhoto_appUITestsLaunchTests.swift */,
			);
			path = "managePhoto-appUITests";
			sourceTree = "<group>";
		};
/* End PBXGroup section */

/* Begin PBXNativeTarget section */
		3F53D1F42A44D7DF00C83FB8 /* managePhoto-app */ = {
			isa = PBXNativeTarget;
			buildConfigurationList = 3F53D21F2A44D7E100C83FB8 /* Build configuration list for PBXNativeTarget "managePhoto-app" */;
			buildPhases = (
				3F53D1F12A44D7DF00C83FB8 /* Sources */,
				3F53D1F22A44D7DF00C83FB8 /* Frameworks */,
				3F53D1F32A44D7DF00C83FB8 /* Resources */,
			);
			buildRules = (
			);
			dependencies = (
			);
			name = "managePhoto-app";
			productName = "managePhoto-app";
			productReference = 3F53D1F52A44D7DF00C83FB8 /* managePhoto-app.app */;
			productType = "com.apple.product-type.application";
		};
		3F53D20A2A44D7E100C83FB8 /* managePhoto-appTests */ = {
			isa = PBXNativeTarget;
			buildConfigurationList = 3F53D2222A44D7E100C83FB8 /* Build configuration list for PBXNativeTarget "managePhoto-appTests" */;
			buildPhases = (
				3F53D2072A44D7E100C83FB8 /* Sources */,
				3F53D2082A44D7E100C83FB8 /* Frameworks */,
				3F53D2092A44D7E100C83FB8 /* Resources */,
			);
			buildRules = (
			);
			dependencies = (
				3F53D20D2A44D7E100C83FB8 /* PBXTargetDependency */,
			);
			name = "managePhoto-appTests";
			productName = "managePhoto-appTests";
			productReference = 3F53D20B2A44D7E100C83FB8 /* managePhoto-appTests.xctest */;
			productType = "com.apple.product-type.bundle.unit-test";
		};
		3F53D2142A44D7E100C83FB8 /* managePhoto-appUITests */ = {
			isa = PBXNativeTarget;
			buildConfigurationList = 3F53D2252A44D7E100C83FB8 /* Build configuration list for PBXNativeTarget "managePhoto-appUITests" */;
			buildPhases = (
				3F53D2112A44D7E100C83FB8 /* Sources */,
				3F53D2122A44D7E100C83FB8 /* Frameworks */,
				3F53D2132A44D7E100C83FB8 /* Resources */,
			);
			buildRules = (
			);
			dependencies = (
				3F53D2172A44D7E100C83FB8 /* PBXTargetDependency */,
			);
			name = "managePhoto-appUITests";
			productName = "managePhoto-appUITests";
			productReference = 3F53D2152A44D7E100C83FB8 /* managePhoto-appUITests.xctest */;
			productType = "com.apple.product-type.bundle.ui-testing";
		};
/* End PBXNativeTarget section */

/* Begin PBXProject section */
		3F53D1ED2A44D7DF00C83FB8 /* Project object */ = {
			isa = PBXProject;
			attributes = {
				BuildIndependentTargetsInParallel = 1;
				LastSwiftUpdateCheck = 1340;
				LastUpgradeCheck = 1340;
				TargetAttributes = {
					3F53D1F42A44D7DF00C83FB8 = {
						CreatedOnToolsVersion = 13.4.1;
					};
					3F53D20A2A44D7E100C83FB8 = {
						CreatedOnToolsVersion = 13.4.1;
						TestTargetID = 3F53D1F42A44D7DF00C83FB8;
					};
					3F53D2142A44D7E100C83FB8 = {
						CreatedOnToolsVersion = 13.4.1;
						TestTargetID = 3F53D1F42A44D7DF00C83FB8;
					};
				};
			};
			buildConfigurationList = 3F53D1F02A44D7DF00C83FB8 /* Build configuration list for PBXProject "managePhoto-app" */;
			compatibilityVersion = "Xcode 13.0";
			developmentRegion = en;
			hasScannedForEncodings = 0;
			knownRegions = (
				en,
				Base,
			);
			mainGroup = 3F53D1EC2A44D7DF00C83FB8;
			productRefGroup = 3F53D1F62A44D7DF00C83FB8 /* Products */;
			projectDirPath = "";
			projectRoot = "";
			targets = (
				3F53D1F42A44D7DF00C83FB8 /* managePhoto-app */,
				3F53D20A2A44D7E100C83FB8 /* managePhoto-appTests */,
				3F53D2142A44D7E100C83FB8 /* managePhoto-appUITests */,
			);
		};
/* End PBXProject section */

/* Begin PBXResourcesBuildPhase section */
		3F53D1F32A44D7DF00C83FB8 /* Resources */ = {
			isa = PBXResourcesBuildPhase;
			buildActionMask = 2147483647;
			files = (
				3F53D2052A44D7E100C83FB8 /* LaunchScreen.storyboard in Resources */,
				3F53D2022A44D7E100C83FB8 /* Assets.xcassets in Resources */,
				3F53D2002A44D7DF00C83FB8 /* Main.storyboard in Resources */,
			);
			runOnlyForDeploymentPostprocessing = 0;
		};
		3F53D2092A44D7E100C83FB8 /* Resources */ = {
			isa = PBXResourcesBuildPhase;
			buildActionMask = 2147483647;
			files = (
			);
			runOnlyForDeploymentPostprocessing = 0;
		};
		3F53D2132A44D7E100C83FB8 /* Resources */ = {
			isa = PBXResourcesBuildPhase;
			buildActionMask = 2147483647;
			files = (
			);
			runOnlyForDeploymentPostprocessing = 0;
		};
/* End PBXResourcesBuildPhase section */

/* Begin PBXSourcesBuildPhase section */
		3F53D1F12A44D7DF00C83FB8 /* Sources */ = {
			isa = PBXSourcesBuildPhase;
			buildActionMask = 2147483647;
			files = (
				3F53D1FD2A44D7DF00C83FB8 /* ViewController.swift in Sources */,
				3F53D1F92A44D7DF00C83FB8 /* AppDelegate.swift in Sources */,
				3F53D1FB2A44D7DF00C83FB8 /* SceneDelegate.swift in Sources */,
			);
			runOnlyForDeploymentPostprocessing = 0;
		};
		3F53D2072A44D7E100C83FB8 /* Sources */ = {
			isa = PBXSourcesBuildPhase;
			buildActionMask = 2147483647;
			files = (
				3F53D2102A44D7E100C83FB8 /* managePhoto_appTests.swift in Sources */,
			);
			runOnlyForDeploymentPostprocessing = 0;
		};
		3F53D2112A44D7E100C83FB8 /* Sources */ = {
			isa = PBXSourcesBuildPhase;
			buildActionMask = 2147483647;
			files = (
				3F53D21C2A44D7E100C83FB8 /* managePhoto_appUITestsLaunchTests.swift in Sources */,
				3F53D21A2A44D7E100C83FB8 /* managePhoto_appUITests.swift in Sources */,
			);
			runOnlyForDeploymentPostprocessing = 0;
		};
/* End PBXSourcesBuildPhase section */

/* Begin PBXTargetDependency section */
		3F53D20D2A44D7E100C83FB8 /* PBXTargetDependency */ = {
			isa = PBXTargetDependency;
			target = 3F53D1F42A44D7DF00C83FB8 /* managePhoto-app */;
			targetProxy = 3F53D20C2A44D7E100C83FB8 /* PBXContainerItemProxy */;
		};
		3F53D2172A44D7E100C83FB8 /* PBXTargetDependency */ = {
			isa = PBXTargetDependency;
			target = 3F53D1F42A44D7DF00C83FB8 /* managePhoto-app */;
			targetProxy = 3F53D2162A44D7E100C83FB8 /* PBXContainerItemProxy */;
		};
/* End PBXTargetDependency section */

/* Begin PBXVariantGroup section */
		3F53D1FE2A44D7DF00C83FB8 /* Main.storyboard */ = {
			isa = PBXVariantGroup;
			children = (
				3F53D1FF2A44D7DF00C83FB8 /* Base */,
			);
			name = Main.storyboard;
			sourceTree = "<group>";
		};
		3F53D2032A44D7E100C83FB8 /* LaunchScreen.storyboard */ = {
			isa = PBXVariantGroup;
			children = (
				3F53D2042A44D7E100C83FB8 /* Base */,
			);
			name = LaunchScreen.storyboard;
			sourceTree = "<group>";
		};
/* End PBXVariantGroup section */

/* Begin XCBuildConfiguration section */
		3F53D21D2A44D7E100C83FB8 /* Debug */ = {
			isa = XCBuildConfiguration;
			buildSettings = {
				ALWAYS_SEARCH_USER_PATHS = NO;
				CLANG_ANALYZER_NONNULL = YES;
				CLANG_ANALYZER_NUMBER_OBJECT_CONVERSION = YES_AGGRESSIVE;
				CLANG_CXX_LANGUAGE_STANDARD = "gnu++17";
				CLANG_ENABLE_MODULES = YES;
				CLANG_ENABLE_OBJC_ARC = YES;
				CLANG_ENABLE_OBJC_WEAK = YES;
				CLANG_WARN_BLOCK_CAPTURE_AUTORELEASING = YES;
				CLANG_WARN_BOOL_CONVERSION = YES;
				CLANG_WARN_COMMA = YES;
				CLANG_WARN_CONSTANT_CONVERSION = YES;
				CLANG_WARN_DEPRECATED_OBJC_IMPLEMENTATIONS = YES;
				CLANG_WARN_DIRECT_OBJC_ISA_USAGE = YES_ERROR;
				CLANG_WARN_DOCUMENTATION_COMMENTS = YES;
				CLANG_WARN_EMPTY_BODY = YES;
				CLANG_WARN_ENUM_CONVERSION = YES;
				CLANG_WARN_INFINITE_RECURSION = YES;
				CLANG_WARN_INT_CONVERSION = YES;
				CLANG_WARN_NON_LITERAL_NULL_CONVERSION = YES;
				CLANG_WARN_OBJC_IMPLICIT_RETAIN_SELF = YES;
				CLANG_WARN_OBJC_LITERAL_CONVERSION = YES;
				CLANG_WARN_OBJC_ROOT_CLASS = YES_ERROR;
				CLANG_WARN_QUOTED_INCLUDE_IN_FRAMEWORK_HEADER = YES;
				CLANG_WARN_RANGE_LOOP_ANALYSIS = YES;
				CLANG_WARN_STRICT_PROTOTYPES = YES;
				CLANG_WARN_SUSPICIOUS_MOVE = YES;
				CLANG_WARN_UNGUARDED_AVAILABILITY = YES_AGGRESSIVE;
				CLANG_WARN_UNREACHABLE_CODE = YES;
				CLANG_WARN__DUPLICATE_METHOD_MATCH = YES;
				COPY_PHASE_STRIP = NO;
				DEBUG_INFORMATION_FORMAT = dwarf;
				ENABLE_STRICT_OBJC_MSGSEND = YES;
				ENABLE_TESTABILITY = YES;
				GCC_C_LANGUAGE_STANDARD = gnu11;
				GCC_DYNAMIC_NO_PIC = NO;
				GCC_NO_COMMON_BLOCKS = YES;
				GCC_OPTIMIZATION_LEVEL = 0;
				GCC_PREPROCESSOR_DEFINITIONS = (
					"DEBUG=1",
					"$(inherited)",
				);
				GCC_WARN_64_TO_32_BIT_CONVERSION = YES;
				GCC_WARN_ABOUT_RETURN_TYPE = YES_ERROR;
				GCC_WARN_UNDECLARED_SELECTOR = YES;
				GCC_WARN_UNINITIALIZED_AUTOS = YES_AGGRESSIVE;
				GCC_WARN_UNUSED_FUNCTION = YES;
				GCC_WARN_UNUSED_VARIABLE = YES;
				IPHONEOS_DEPLOYMENT_TARGET = 15.5;
				MTL_ENABLE_DEBUG_INFO = INCLUDE_SOURCE;
				MTL_FAST_MATH = YES;
				ONLY_ACTIVE_ARCH = YES;
				SDKROOT = iphoneos;
				SWIFT_ACTIVE_COMPILATION_CONDITIONS = DEBUG;
				SWIFT_OPTIMIZATION_LEVEL = "-Onone";
			};
			name = Debug;
		};
		3F53D21E2A44D7E100C83FB8 /* Release */ = {
			isa = XCBuildConfiguration;
			buildSettings = {
				ALWAYS_SEARCH_USER_PATHS = NO;
				CLANG_ANALYZER_NONNULL = YES;
				CLANG_ANALYZER_NUMBER_OBJECT_CONVERSION = YES_AGGRESSIVE;
				CLANG_CXX_LANGUAGE_STANDARD = "gnu++17";
				CLANG_ENABLE_MODULES = YES;
				CLANG_ENABLE_OBJC_ARC = YES;
				CLANG_ENABLE_OBJC_WEAK = YES;
				CLANG_WARN_BLOCK_CAPTURE_AUTORELEASING = YES;
				CLANG_WARN_BOOL_CONVERSION = YES;
				CLANG_WARN_COMMA = YES;
				CLANG_WARN_CONSTANT_CONVERSION = YES;
				CLANG_WARN_DEPRECATED_OBJC_IMPLEMENTATIONS = YES;
				CLANG_WARN_DIRECT_OBJC_ISA_USAGE = YES_ERROR;
				CLANG_WARN_DOCUMENTATION_COMMENTS = YES;
				CLANG_WARN_EMPTY_BODY = YES;
				CLANG_WARN_ENUM_CONVERSION = YES;
				CLANG_WARN_INFINITE_RECURSION = YES;
				CLANG_WARN_INT_CONVERSION = YES;
				CLANG_WARN_NON_LITERAL_NULL_CONVERSION = YES;
				CLANG_WARN_OBJC_IMPLICIT_RETAIN_SELF = YES;
				CLANG_WARN_OBJC_LITERAL_CONVERSION = YES;
				CLANG_WARN_OBJC_ROOT_CLASS = YES_ERROR;
				CLANG_WARN_QUOTED_INCLUDE_IN_FRAMEWORK_HEADER = YES;
				CLANG_WARN_RANGE_LOOP_ANALYSIS = YES;
				CLANG_WARN_STRICT_PROTOTYPES = YES;
				CLANG_WARN_SUSPICIOUS_MOVE = YES;
				CLANG_WARN_UNGUARDED_AVAILABILITY = YES_AGGRESSIVE;
				CLANG_WARN_UNREACHABLE_CODE = YES;
				CLANG_WARN__DUPLICATE_METHOD_MATCH = YES;
				COPY_PHASE_STRIP = NO;
				DEBUG_INFORMATION_FORMAT = "dwarf-with-dsym";
				ENABLE_NS_ASSERTIONS = NO;
				ENABLE_STRICT_OBJC_MSGSEND = YES;
				GCC_C_LANGUAGE_STANDARD = gnu11;
				GCC_NO_COMMON_BLOCKS = YES;
				GCC_WARN_64_TO_32_BIT_CONVERSION = YES;
				GCC_WARN_ABOUT_RETURN_TYPE = YES_ERROR;
				GCC_WARN_UNDECLARED_SELECTOR = YES;
				GCC_WARN_UNINITIALIZED_AUTOS = YES_AGGRESSIVE;
				GCC_WARN_UNUSED_FUNCTION = YES;
				GCC_WARN_UNUSED_VARIABLE = YES;
				IPHONEOS_DEPLOYMENT_TARGET = 15.5;
				MTL_ENABLE_DEBUG_INFO = NO;
				MTL_FAST_MATH = YES;
				SDKROOT = iphoneos;
				SWIFT_COMPILATION_MODE = wholemodule;
				SWIFT_OPTIMIZATION_LEVEL = "-O";
				VALIDATE_PRODUCT = YES;
			};
			name = Release;
		};
		3F53D2202A44D7E100C83FB8 /* Debug */ = {
			isa = XCBuildConfiguration;
			buildSettings = {
				ASSETCATALOG_COMPILER_APPICON_NAME = AppIcon;
				ASSETCATALOG_COMPILER_GLOBAL_ACCENT_COLOR_NAME = AccentColor;
				CODE_SIGN_STYLE = Automatic;
				CURRENT_PROJECT_VERSION = 1;
				DEVELOPMENT_TEAM = X6BCZG26RH;
				GENERATE_INFOPLIST_FILE = YES;
				INFOPLIST_FILE = "managePhoto-app/Info.plist";
				INFOPLIST_KEY_UIApplicationSupportsIndirectInputEvents = YES;
				INFOPLIST_KEY_UILaunchStoryboardName = LaunchScreen;
				INFOPLIST_KEY_UIMainStoryboardFile = Main;
				INFOPLIST_KEY_UISupportedInterfaceOrientations_iPad = "UIInterfaceOrientationPortrait UIInterfaceOrientationPortraitUpsideDown UIInterfaceOrientationLandscapeLeft UIInterfaceOrientationLandscapeRight";
				INFOPLIST_KEY_UISupportedInterfaceOrientations_iPhone = "UIInterfaceOrientationPortrait UIInterfaceOrientationLandscapeLeft UIInterfaceOrientationLandscapeRight";
				LD_RUNPATH_SEARCH_PATHS = (
					"$(inherited)",
					"@executable_path/Frameworks",
				);
				MARKETING_VERSION = 1.0;
				PRODUCT_BUNDLE_IDENTIFIER = "com.magnodevht.managePhoto-app";
				PRODUCT_NAME = "$(TARGET_NAME)";
				SWIFT_EMIT_LOC_STRINGS = YES;
				SWIFT_VERSION = 5.0;
				TARGETED_DEVICE_FAMILY = "1,2";
			};
			name = Debug;
		};
		3F53D2212A44D7E100C83FB8 /* Release */ = {
			isa = XCBuildConfiguration;
			buildSettings = {
				ASSETCATALOG_COMPILER_APPICON_NAME = AppIcon;
				ASSETCATALOG_COMPILER_GLOBAL_ACCENT_COLOR_NAME = AccentColor;
				CODE_SIGN_STYLE = Automatic;
				CURRENT_PROJECT_VERSION = 1;
				DEVELOPMENT_TEAM = X6BCZG26RH;
				GENERATE_INFOPLIST_FILE = YES;
				INFOPLIST_FILE = "managePhoto-app/Info.plist";
				INFOPLIST_KEY_UIApplicationSupportsIndirectInputEvents = YES;
				INFOPLIST_KEY_UILaunchStoryboardName = LaunchScreen;
				INFOPLIST_KEY_UIMainStoryboardFile = Main;
				INFOPLIST_KEY_UISupportedInterfaceOrientations_iPad = "UIInterfaceOrientationPortrait UIInterfaceOrientationPortraitUpsideDown UIInterfaceOrientationLandscapeLeft UIInterfaceOrientationLandscapeRight";
				INFOPLIST_KEY_UISupportedInterfaceOrientations_iPhone = "UIInterfaceOrientationPortrait UIInterfaceOrientationLandscapeLeft UIInterfaceOrientationLandscapeRight";
				LD_RUNPATH_SEARCH_PATHS = (
					"$(inherited)",
					"@executable_path/Frameworks",
				);
				MARKETING_VERSION = 1.0;
				PRODUCT_BUNDLE_IDENTIFIER = "com.magnodevht.managePhoto-app";
				PRODUCT_NAME = "$(TARGET_NAME)";
				SWIFT_EMIT_LOC_STRINGS = YES;
				SWIFT_VERSION = 5.0;
				TARGETED_DEVICE_FAMILY = "1,2";
			};
			name = Release;
		};
		3F53D2232A44D7E100C83FB8 /* Debug */ = {
			isa = XCBuildConfiguration;
			buildSettings = {
				ALWAYS_EMBED_SWIFT_STANDARD_LIBRARIES = YES;
				BUNDLE_LOADER = "$(TEST_HOST)";
				CODE_SIGN_STYLE = Automatic;
				CURRENT_PROJECT_VERSION = 1;
				DEVELOPMENT_TEAM = X6BCZG26RH;
				GENERATE_INFOPLIST_FILE = YES;
				IPHONEOS_DEPLOYMENT_TARGET = 15.5;
				MARKETING_VERSION = 1.0;
				PRODUCT_BUNDLE_IDENTIFIER = "com.magnodevht.managePhoto-appTests";
				PRODUCT_NAME = "$(TARGET_NAME)";
				SWIFT_EMIT_LOC_STRINGS = NO;
				SWIFT_VERSION = 5.0;
				TARGETED_DEVICE_FAMILY = "1,2";
				TEST_HOST = "$(BUILT_PRODUCTS_DIR)/managePhoto-app.app/managePhoto-app";
			};
			name = Debug;
		};
		3F53D2242A44D7E100C83FB8 /* Release */ = {
			isa = XCBuildConfiguration;
			buildSettings = {
				ALWAYS_EMBED_SWIFT_STANDARD_LIBRARIES = YES;
				BUNDLE_LOADER = "$(TEST_HOST)";
				CODE_SIGN_STYLE = Automatic;
				CURRENT_PROJECT_VERSION = 1;
				DEVELOPMENT_TEAM = X6BCZG26RH;
				GENERATE_INFOPLIST_FILE = YES;
				IPHONEOS_DEPLOYMENT_TARGET = 15.5;
				MARKETING_VERSION = 1.0;
				PRODUCT_BUNDLE_IDENTIFIER = "com.magnodevht.managePhoto-appTests";
				PRODUCT_NAME = "$(TARGET_NAME)";
				SWIFT_EMIT_LOC_STRINGS = NO;
				SWIFT_VERSION = 5.0;
				TARGETED_DEVICE_FAMILY = "1,2";
				TEST_HOST = "$(BUILT_PRODUCTS_DIR)/managePhoto-app.app/managePhoto-app";
			};
			name = Release;
		};
		3F53D2262A44D7E100C83FB8 /* Debug */ = {
			isa = XCBuildConfiguration;
			buildSettings = {
				ALWAYS_EMBED_SWIFT_STANDARD_LIBRARIES = YES;
				CODE_SIGN_STYLE = Automatic;
				CURRENT_PROJECT_VERSION = 1;
				DEVELOPMENT_TEAM = X6BCZG26RH;
				GENERATE_INFOPLIST_FILE = YES;
				MARKETING_VERSION = 1.0;
				PRODUCT_BUNDLE_IDENTIFIER = "com.magnodevht.managePhoto-appUITests";
				PRODUCT_NAME = "$(TARGET_NAME)";
				SWIFT_EMIT_LOC_STRINGS = NO;
				SWIFT_VERSION = 5.0;
				TARGETED_DEVICE_FAMILY = "1,2";
				TEST_TARGET_NAME = "managePhoto-app";
			};
			name = Debug;
		};
		3F53D2272A44D7E100C83FB8 /* Release */ = {
			isa = XCBuildConfiguration;
			buildSettings = {
				ALWAYS_EMBED_SWIFT_STANDARD_LIBRARIES = YES;
				CODE_SIGN_STYLE = Automatic;
				CURRENT_PROJECT_VERSION = 1;
				DEVELOPMENT_TEAM = X6BCZG26RH;
				GENERATE_INFOPLIST_FILE = YES;
				MARKETING_VERSION = 1.0;
				PRODUCT_BUNDLE_IDENTIFIER = "com.magnodevht.managePhoto-appUITests";
				PRODUCT_NAME = "$(TARGET_NAME)";
				SWIFT_EMIT_LOC_STRINGS = NO;
				SWIFT_VERSION = 5.0;
				TARGETED_DEVICE_FAMILY = "1,2";
				TEST_TARGET_NAME = "managePhoto-app";
			};
			name = Release;
		};
/* End XCBuildConfiguration section */

/* Begin XCConfigurationList section */
		3F53D1F02A44D7DF00C83FB8 /* Build configuration list for PBXProject "managePhoto-app" */ = {
			isa = XCConfigurationList;
			buildConfigurations = (
				3F53D21D2A44D7E100C83FB8 /* Debug */,
				3F53D21E2A44D7E100C83FB8 /* Release */,
			);
			defaultConfigurationIsVisible = 0;
			defaultConfigurationName = Release;
		};
		3F53D21F2A44D7E100C83FB8 /* Build configuration list for PBXNativeTarget "managePhoto-app" */ = {
			isa = XCConfigurationList;
			buildConfigurations = (
				3F53D2202A44D7E100C83FB8 /* Debug */,
				3F53D2212A44D7E100C83FB8 /* Release */,
			);
			defaultConfigurationIsVisible = 0;
			defaultConfigurationName = Release;
		};
		3F53D2222A44D7E100C83FB8 /* Build configuration list for PBXNativeTarget "managePhoto-appTests" */ = {
			isa = XCConfigurationList;
			buildConfigurations = (
				3F53D2232A44D7E100C83FB8 /* Debug */,
				3F53D2242A44D7E100C83FB8 /* Release */,
			);
			defaultConfigurationIsVisible = 0;
			defaultConfigurationName = Release;
		};
		3F53D2252A44D7E100C83FB8 /* Build configuration list for PBXNativeTarget "managePhoto-appUITests" */ = {
			isa = XCConfigurationList;
			buildConfigurations = (
				3F53D2262A44D7E100C83FB8 /* Debug */,
				3F53D2272A44D7E100C83FB8 /* Release */,
			);
			defaultConfigurationIsVisible = 0;
			defaultConfigurationName = Release;
		};
/* End XCConfigurationList section */
	};
	rootObject = 3F53D1ED2A44D7DF00C83FB8 /* Project object */;
}
